
Microsoft Visual Studio Solution File, Format Version 12.00
# Visual Studio Version 17
VisualStudioVersion = 17.3.32929.385
MinimumVisualStudioVersion = 10.0.40219.1
Project("{9A19103F-16F7-4668-BE54-9A1E7A4F7556}") = "FirstProject", "FirstProject\FirstProject.csproj", "{C08CA172-0F3F-4A68-AAEE-93AB3F071FF8}"
EndProject
Project("{9A19103F-16F7-4668-BE54-9A1E7A4F7556}") = "FirstLibrary", "FirstLibrary\FirstLibrary.csproj", "{282C0378-2B13-4BDE-AE3D-2A3966C00630}"
EndProject
Project("{FAE04EC0-301F-11D3-BF4B-00C04F79EFBC}") = "NetFramewrokConsoleApp", "NetFramewrokConsoleApp\NetFramewrokConsoleApp.csproj", "{B75EF4A0-BBE3-49DC-8A07-CD212AA9C62B}"
EndProject
Project("{FAE04EC0-301F-11D3-BF4B-00C04F79EFBC}") = "Iterations", "Iterations\Iterations.csproj", "{EE8645AF-53A9-43F1-B56F-F8111EC104B5}"
EndProject
Project("{FAE04EC0-301F-11D3-BF4B-00C04F79EFBC}") = "WhileLoopPrime", "WhileLoopPrime\WhileLoopPrime.csproj", "{8C91712E-47D0-461A-9DAD-C3984D3E99A9}"
EndProject
Project("{FAE04EC0-301F-11D3-BF4B-00C04F79EFBC}") = "Strings", "Strings\Strings.csproj", "{FFB87C8F-AED6-4D7D-A0B7-3E5084C772ED}"
EndProject
Project("{FAE04EC0-301F-11D3-BF4B-00C04F79EFBC}") = "Functions", "Functions\Functions.csproj", "{D75648B8-2DC7-406B-9A9B-BDA83DB44C45}"
EndProject
Project("{FAE04EC0-301F-11D3-BF4B-00C04F79EFBC}") = "OOPS", "OOPS\OOPS.csproj", "{D60F0C25-2B13-4586-8DE2-3533D225750C}"
EndProject
Project("{FAE04EC0-301F-11D3-BF4B-00C04F79EFBC}") = "OOPSExtended", "OOPSExtended\OOPSExtended.csproj", "{91622256-9818-4693-B0B6-EF4C48CB19A8}"
EndProject
Project("{FAE04EC0-301F-11D3-BF4B-00C04F79EFBC}") = "ExceptionHandling", "ExceptionHandling\ExceptionHandling.csproj", "{F8FE05D7-C5CC-48D1-9F91-46B37471984E}"
EndProject
Project("{FAE04EC0-301F-11D3-BF4B-00C04F79EFBC}") = "ArraysCollections", "ArraysCollections\ArraysCollections.csproj", "{7E4D4150-B927-4AD7-854F-5959F273EDCC}"
EndProject
Project("{FAE04EC0-301F-11D3-BF4B-00C04F79EFBC}") = "FileIO", "FileIO\FileIO.csproj", "{85DE596B-78C5-47D2-9A8C-EAB55C8156B4}"
EndProject
Project("{FAE04EC0-301F-11D3-BF4B-00C04F79EFBC}") = "DatabaseCalls", "DatabaseCalls\DatabaseCalls.csproj", "{5228D2FB-9F16-4257-9B13-A139E642F644}"
EndProject
Project("{FAE04EC0-301F-11D3-BF4B-00C04F79EFBC}") = "Training.DataAccess", "Training.DataAccess\Training.DataAccess.csproj", "{AB2C4B5A-C091-4E88-ABBE-1B76BD3BC19E}"
EndProject
Global
	GlobalSection(SolutionConfigurationPlatforms) = preSolution
		Debug|Any CPU = Debug|Any CPU
		Release|Any CPU = Release|Any CPU
	EndGlobalSection
	GlobalSection(ProjectConfigurationPlatforms) = postSolution
		{C08CA172-0F3F-4A68-AAEE-93AB3F071FF8}.Debug|Any CPU.ActiveCfg = Debug|Any CPU
		{C08CA172-0F3F-4A68-AAEE-93AB3F071FF8}.Debug|Any CPU.Build.0 = Debug|Any CPU
		{C08CA172-0F3F-4A68-AAEE-93AB3F071FF8}.Release|Any CPU.ActiveCfg = Release|Any CPU
		{C08CA172-0F3F-4A68-AAEE-93AB3F071FF8}.Release|Any CPU.Build.0 = Release|Any CPU
		{282C0378-2B13-4BDE-AE3D-2A3966C00630}.Debug|Any CPU.ActiveCfg = Debug|Any CPU
		{282C0378-2B13-4BDE-AE3D-2A3966C00630}.Debug|Any CPU.Build.0 = Debug|Any CPU
		{282C0378-2B13-4BDE-AE3D-2A3966C00630}.Release|Any CPU.ActiveCfg = Release|Any CPU
		{282C0378-2B13-4BDE-AE3D-2A3966C00630}.Release|Any CPU.Build.0 = Release|Any CPU
		{B75EF4A0-BBE3-49DC-8A07-CD212AA9C62B}.Debug|Any CPU.ActiveCfg = Debug|Any CPU
		{B75EF4A0-BBE3-49DC-8A07-CD212AA9C62B}.Debug|Any CPU.Build.0 = Debug|Any CPU
		{B75EF4A0-BBE3-49DC-8A07-CD212AA9C62B}.Release|Any CPU.ActiveCfg = Release|Any CPU
		{B75EF4A0-BBE3-49DC-8A07-CD212AA9C62B}.Release|Any CPU.Build.0 = Release|Any CPU
		{EE8645AF-53A9-43F1-B56F-F8111EC104B5}.Debug|Any CPU.ActiveCfg = Debug|Any CPU
		{EE8645AF-53A9-43F1-B56F-F8111EC104B5}.Debug|Any CPU.Build.0 = Debug|Any CPU
		{EE8645AF-53A9-43F1-B56F-F8111EC104B5}.Release|Any CPU.ActiveCfg = Release|Any CPU
		{EE8645AF-53A9-43F1-B56F-F8111EC104B5}.Release|Any CPU.Build.0 = Release|Any CPU
		{8C91712E-47D0-461A-9DAD-C3984D3E99A9}.Debug|Any CPU.ActiveCfg = Debug|Any CPU
		{8C91712E-47D0-461A-9DAD-C3984D3E99A9}.Debug|Any CPU.Build.0 = Debug|Any CPU
		{8C91712E-47D0-461A-9DAD-C3984D3E99A9}.Release|Any CPU.ActiveCfg = Release|Any CPU
		{8C91712E-47D0-461A-9DAD-C3984D3E99A9}.Release|Any CPU.Build.0 = Release|Any CPU
		{FFB87C8F-AED6-4D7D-A0B7-3E5084C772ED}.Debug|Any CPU.ActiveCfg = Debug|Any CPU
		{FFB87C8F-AED6-4D7D-A0B7-3E5084C772ED}.Debug|Any CPU.Build.0 = Debug|Any CPU
		{FFB87C8F-AED6-4D7D-A0B7-3E5084C772ED}.Release|Any CPU.ActiveCfg = Release|Any CPU
		{FFB87C8F-AED6-4D7D-A0B7-3E5084C772ED}.Release|Any CPU.Build.0 = Release|Any CPU
		{D75648B8-2DC7-406B-9A9B-BDA83DB44C45}.Debug|Any CPU.ActiveCfg = Debug|Any CPU
		{D75648B8-2DC7-406B-9A9B-BDA83DB44C45}.Debug|Any CPU.Build.0 = Debug|Any CPU
		{D75648B8-2DC7-406B-9A9B-BDA83DB44C45}.Release|Any CPU.ActiveCfg = Release|Any CPU
		{D75648B8-2DC7-406B-9A9B-BDA83DB44C45}.Release|Any CPU.Build.0 = Release|Any CPU
		{D60F0C25-2B13-4586-8DE2-3533D225750C}.Debug|Any CPU.ActiveCfg = Debug|Any CPU
		{D60F0C25-2B13-4586-8DE2-3533D225750C}.Debug|Any CPU.Build.0 = Debug|Any CPU
		{D60F0C25-2B13-4586-8DE2-3533D225750C}.Release|Any CPU.ActiveCfg = Release|Any CPU
		{D60F0C25-2B13-4586-8DE2-3533D225750C}.Release|Any CPU.Build.0 = Release|Any CPU
		{91622256-9818-4693-B0B6-EF4C48CB19A8}.Debug|Any CPU.ActiveCfg = Debug|Any CPU
		{91622256-9818-4693-B0B6-EF4C48CB19A8}.Debug|Any CPU.Build.0 = Debug|Any CPU
		{91622256-9818-4693-B0B6-EF4C48CB19A8}.Release|Any CPU.ActiveCfg = Release|Any CPU
		{91622256-9818-4693-B0B6-EF4C48CB19A8}.Release|Any CPU.Build.0 = Release|Any CPU
		{F8FE05D7-C5CC-48D1-9F91-46B37471984E}.Debug|Any CPU.ActiveCfg = Debug|Any CPU
		{F8FE05D7-C5CC-48D1-9F91-46B37471984E}.Debug|Any CPU.Build.0 = Debug|Any CPU
		{F8FE05D7-C5CC-48D1-9F91-46B37471984E}.Release|Any CPU.ActiveCfg = Release|Any CPU
		{F8FE05D7-C5CC-48D1-9F91-46B37471984E}.Release|Any CPU.Build.0 = Release|Any CPU
		{7E4D4150-B927-4AD7-854F-5959F273EDCC}.Debug|Any CPU.ActiveCfg = Debug|Any CPU
		{7E4D4150-B927-4AD7-854F-5959F273EDCC}.Debug|Any CPU.Build.0 = Debug|Any CPU
		{7E4D4150-B927-4AD7-854F-5959F273EDCC}.Release|Any CPU.ActiveCfg = Release|Any CPU
		{7E4D4150-B927-4AD7-854F-5959F273EDCC}.Release|Any CPU.Build.0 = Release|Any CPU
		{85DE596B-78C5-47D2-9A8C-EAB55C8156B4}.Debug|Any CPU.ActiveCfg = Debug|Any CPU
		{85DE596B-78C5-47D2-9A8C-EAB55C8156B4}.Debug|Any CPU.Build.0 = Debug|Any CPU
		{85DE596B-78C5-47D2-9A8C-EAB55C8156B4}.Release|Any CPU.ActiveCfg = Release|Any CPU
		{85DE596B-78C5-47D2-9A8C-EAB55C8156B4}.Release|Any CPU.Build.0 = Release|Any CPU
		{5228D2FB-9F16-4257-9B13-A139E642F644}.Debug|Any CPU.ActiveCfg = Debug|Any CPU
		{5228D2FB-9F16-4257-9B13-A139E642F644}.Debug|Any CPU.Build.0 = Debug|Any CPU
		{5228D2FB-9F16-4257-9B13-A139E642F644}.Release|Any CPU.ActiveCfg = Release|Any CPU
		{5228D2FB-9F16-4257-9B13-A139E642F644}.Release|Any CPU.Build.0 = Release|Any CPU
		{AB2C4B5A-C091-4E88-ABBE-1B76BD3BC19E}.Debug|Any CPU.ActiveCfg = Debug|Any CPU
		{AB2C4B5A-C091-4E88-ABBE-1B76BD3BC19E}.Debug|Any CPU.Build.0 = Debug|Any CPU
		{AB2C4B5A-C091-4E88-ABBE-1B76BD3BC19E}.Release|Any CPU.ActiveCfg = Release|Any CPU
		{AB2C4B5A-C091-4E88-ABBE-1B76BD3BC19E}.Release|Any CPU.Build.0 = Release|Any CPU
	EndGlobalSection
	GlobalSection(SolutionProperties) = preSolution
		HideSolutionNode = FALSE
	EndGlobalSection
	GlobalSection(ExtensibilityGlobals) = postSolution
		SolutionGuid = {6265803E-246D-4F50-AFB8-68243751CBED}
	EndGlobalSection
EndGlobal
